
Microsoft Visual Studio Solution File, Format Version 12.00
# Visual Studio Version 17
VisualStudioVersion = 17.6.33723.286
MinimumVisualStudioVersion = 10.0.40219.1
Project("{FAE04EC0-301F-11D3-BF4B-00C04F79EFBC}") = "OOP", "OOP\OOP.csproj", "{59D7C1B3-A245-4CC2-8491-031B83F71718}"
EndProject
Global
	GlobalSection(SolutionConfigurationPlatforms) = preSolution
		Debug|Any CPU = Debug|Any CPU
		Release|Any CPU = Release|Any CPU
	EndGlobalSection
	GlobalSection(ProjectConfigurationPlatforms) = postSolution
		{59D7C1B3-A245-4CC2-8491-031B83F71718}.Debug|Any CPU.ActiveCfg = Debug|Any CPU
		{59D7C1B3-A245-4CC2-8491-031B83F71718}.Debug|Any CPU.Build.0 = Debug|Any CPU
		{59D7C1B3-A245-4CC2-8491-031B83F71718}.Release|Any CPU.ActiveCfg = Release|Any CPU
		{59D7C1B3-A245-4CC2-8491-031B83F71718}.Release|Any CPU.Build.0 = Release|Any CPU
	EndGlobalSection
	GlobalSection(SolutionProperties) = preSolution
		HideSolutionNode = FALSE
	EndGlobalSection
	GlobalSection(ExtensibilityGlobals) = postSolution
		SolutionGuid = {A1730AB7-78E5-4E71-A4FE-4859649BE155}
	EndGlobalSection
EndGlobal
